
Microsoft Visual Studio Solution File, Format Version 12.00
# Visual Studio Version 17
VisualStudioVersion = 17.5.33414.496
MinimumVisualStudioVersion = 10.0.40219.1
Project("{FAE04EC0-301F-11D3-BF4B-00C04F79EFBC}") = "DEMOAcronymsWordAddIn", "WordAddIn2\DEMOAcronymsWordAddIn.csproj", "{C232731F-A874-424D-B8D0-0449F04EB6E8}"
EndProject
Global
	GlobalSection(SolutionConfigurationPlatforms) = preSolution
		Debug|Any CPU = Debug|Any CPU
		Release|Any CPU = Release|Any CPU
	EndGlobalSection
	GlobalSection(ProjectConfigurationPlatforms) = postSolution
		{C232731F-A874-424D-B8D0-0449F04EB6E8}.Debug|Any CPU.ActiveCfg = Debug|Any CPU
		{C232731F-A874-424D-B8D0-0449F04EB6E8}.Debug|Any CPU.Build.0 = Debug|Any CPU
		{C232731F-A874-424D-B8D0-0449F04EB6E8}.Release|Any CPU.ActiveCfg = Release|Any CPU
		{C232731F-A874-424D-B8D0-0449F04EB6E8}.Release|Any CPU.Build.0 = Release|Any CPU
	EndGlobalSection
	GlobalSection(SolutionProperties) = preSolution
		HideSolutionNode = FALSE
	EndGlobalSection
	GlobalSection(ExtensibilityGlobals) = postSolution
		SolutionGuid = {FBAA437D-8743-4997-A28A-838DA0525FFB}
	EndGlobalSection
EndGlobal
